
Microsoft Visual Studio Solution File, Format Version 12.00
# Visual Studio Version 17
VisualStudioVersion = 17.1.32210.238
MinimumVisualStudioVersion = 10.0.40219.1
Project("{FAE04EC0-301F-11D3-BF4B-00C04F79EFBC}") = "CandidatoInfo", "CandidatoInfo.csproj", "{B49C95F7-DDFE-4443-A463-7B6D3607816E}"
EndProject
Global
	GlobalSection(SolutionConfigurationPlatforms) = preSolution
		Debug|Any CPU = Debug|Any CPU
		Release|Any CPU = Release|Any CPU
	EndGlobalSection
	GlobalSection(ProjectConfigurationPlatforms) = postSolution
		{B49C95F7-DDFE-4443-A463-7B6D3607816E}.Debug|Any CPU.ActiveCfg = Debug|Any CPU
		{B49C95F7-DDFE-4443-A463-7B6D3607816E}.Debug|Any CPU.Build.0 = Debug|Any CPU
		{B49C95F7-DDFE-4443-A463-7B6D3607816E}.Release|Any CPU.ActiveCfg = Release|Any CPU
		{B49C95F7-DDFE-4443-A463-7B6D3607816E}.Release|Any CPU.Build.0 = Release|Any CPU
	EndGlobalSection
	GlobalSection(SolutionProperties) = preSolution
		HideSolutionNode = FALSE
	EndGlobalSection
	GlobalSection(ExtensibilityGlobals) = postSolution
		SolutionGuid = {7D1A0F39-4688-4D73-AD55-B1B0A38CDC8A}
	EndGlobalSection
EndGlobal
